// !$*UTF8*$!
{
	archiveVersion = 1;
	classes = {
	};
	objectVersion = 56;
	objects = {

/* Begin PBXBuildFile section */
		A443AF0AEE359A698B9E57D8 /* Pods_NEUStockApp.framework in Frameworks */ = {isa = PBXBuildFile; fileRef = AF4C043BBEBFE2CCE9A1F4C6 /* Pods_NEUStockApp.framework */; };
		D482067D29984AE7007C4F1A /* AppDelegate.swift in Sources */ = {isa = PBXBuildFile; fileRef = D482067C29984AE7007C4F1A /* AppDelegate.swift */; };
		D482067F29984AE7007C4F1A /* SceneDelegate.swift in Sources */ = {isa = PBXBuildFile; fileRef = D482067E29984AE7007C4F1A /* SceneDelegate.swift */; };
		D482068129984AE7007C4F1A /* ViewController.swift in Sources */ = {isa = PBXBuildFile; fileRef = D482068029984AE7007C4F1A /* ViewController.swift */; };
		D482068429984AE7007C4F1A /* Main.storyboard in Resources */ = {isa = PBXBuildFile; fileRef = D482068229984AE7007C4F1A /* Main.storyboard */; };
		D482068629984AE8007C4F1A /* Assets.xcassets in Resources */ = {isa = PBXBuildFile; fileRef = D482068529984AE8007C4F1A /* Assets.xcassets */; };
		D482068929984AE8007C4F1A /* LaunchScreen.storyboard in Resources */ = {isa = PBXBuildFile; fileRef = D482068729984AE8007C4F1A /* LaunchScreen.storyboard */; };
		D482069229984C8A007C4F1A /* Constants.swift in Sources */ = {isa = PBXBuildFile; fileRef = D482069129984C8A007C4F1A /* Constants.swift */; };
/* End PBXBuildFile section */

/* Begin PBXFileReference section */
		580D822D44546A8EBB8254F9 /* Pods-NEUStockApp.release.xcconfig */ = {isa = PBXFileReference; includeInIndex = 1; lastKnownFileType = text.xcconfig; name = "Pods-NEUStockApp.release.xcconfig"; path = "Target Support Files/Pods-NEUStockApp/Pods-NEUStockApp.release.xcconfig"; sourceTree = "<group>"; };
		AF4C043BBEBFE2CCE9A1F4C6 /* Pods_NEUStockApp.framework */ = {isa = PBXFileReference; explicitFileType = wrapper.framework; includeInIndex = 0; path = Pods_NEUStockApp.framework; sourceTree = BUILT_PRODUCTS_DIR; };
		D1ACB852A3767FFB891F4368 /* Pods-NEUStockApp.debug.xcconfig */ = {isa = PBXFileReference; includeInIndex = 1; lastKnownFileType = text.xcconfig; name = "Pods-NEUStockApp.debug.xcconfig"; path = "Target Support Files/Pods-NEUStockApp/Pods-NEUStockApp.debug.xcconfig"; sourceTree = "<group>"; };
		D482067929984AE7007C4F1A /* NEUStockApp.app */ = {isa = PBXFileReference; explicitFileType = wrapper.application; includeInIndex = 0; path = NEUStockApp.app; sourceTree = BUILT_PRODUCTS_DIR; };
		D482067C29984AE7007C4F1A /* AppDelegate.swift */ = {isa = PBXFileReference; lastKnownFileType = sourcecode.swift; path = AppDelegate.swift; sourceTree = "<group>"; };
		D482067E29984AE7007C4F1A /* SceneDelegate.swift */ = {isa = PBXFileReference; lastKnownFileType = sourcecode.swift; path = SceneDelegate.swift; sourceTree = "<group>"; };
		D482068029984AE7007C4F1A /* ViewController.swift */ = {isa = PBXFileReference; lastKnownFileType = sourcecode.swift; path = ViewController.swift; sourceTree = "<group>"; };
		D482068329984AE7007C4F1A /* Base */ = {isa = PBXFileReference; lastKnownFileType = file.storyboard; name = Base; path = Base.lproj/Main.storyboard; sourceTree = "<group>"; };
		D482068529984AE8007C4F1A /* Assets.xcassets */ = {isa = PBXFileReference; lastKnownFileType = folder.assetcatalog; path = Assets.xcassets; sourceTree = "<group>"; };
		D482068829984AE8007C4F1A /* Base */ = {isa = PBXFileReference; lastKnownFileType = file.storyboard; name = Base; path = Base.lproj/LaunchScreen.storyboard; sourceTree = "<group>"; };
		D482068A29984AE8007C4F1A /* Info.plist */ = {isa = PBXFileReference; lastKnownFileType = text.plist.xml; path = Info.plist; sourceTree = "<group>"; };
		D482069129984C8A007C4F1A /* Constants.swift */ = {isa = PBXFileReference; lastKnownFileType = sourcecode.swift; path = Constants.swift; sourceTree = "<group>"; };
/* End PBXFileReference section */

/* Begin PBXFrameworksBuildPhase section */
		D482067629984AE7007C4F1A /* Frameworks */ = {
			isa = PBXFrameworksBuildPhase;
			buildActionMask = 2147483647;
			files = (
				A443AF0AEE359A698B9E57D8 /* Pods_NEUStockApp.framework in Frameworks */,
			);
			runOnlyForDeploymentPostprocessing = 0;
		};
/* End PBXFrameworksBuildPhase section */

/* Begin PBXGroup section */
		4AC9816ABDCAE16D5D412AEC /* Frameworks */ = {
			isa = PBXGroup;
			children = (
				AF4C043BBEBFE2CCE9A1F4C6 /* Pods_NEUStockApp.framework */,
			);
			name = Frameworks;
			sourceTree = "<group>";
		};
		D482067029984AE7007C4F1A = {
			isa = PBXGroup;
			children = (
				D482067B29984AE7007C4F1A /* NEUStockApp */,
				D482067A29984AE7007C4F1A /* Products */,
				E9CE2BB625583DDC6C4F1E49 /* Pods */,
				4AC9816ABDCAE16D5D412AEC /* Frameworks */,
			);
			sourceTree = "<group>";
		};
		D482067A29984AE7007C4F1A /* Products */ = {
			isa = PBXGroup;
			children = (
				D482067929984AE7007C4F1A /* NEUStockApp.app */,
			);
			name = Products;
			sourceTree = "<group>";
		};
		D482067B29984AE7007C4F1A /* NEUStockApp */ = {
			isa = PBXGroup;
			children = (
				D482069029984C5B007C4F1A /* utils */,
				D482067C29984AE7007C4F1A /* AppDelegate.swift */,
				D482067E29984AE7007C4F1A /* SceneDelegate.swift */,
				D482068029984AE7007C4F1A /* ViewController.swift */,
				D482068229984AE7007C4F1A /* Main.storyboard */,
				D482068529984AE8007C4F1A /* Assets.xcassets */,
				D482068729984AE8007C4F1A /* LaunchScreen.storyboard */,
				D482068A29984AE8007C4F1A /* Info.plist */,
			);
			path = NEUStockApp;
			sourceTree = "<group>";
		};
		D482069029984C5B007C4F1A /* utils */ = {
			isa = PBXGroup;
			children = (
				D482069129984C8A007C4F1A /* Constants.swift */,
			);
			path = utils;
			sourceTree = "<group>";
		};
		E9CE2BB625583DDC6C4F1E49 /* Pods */ = {
			isa = PBXGroup;
			children = (
				D1ACB852A3767FFB891F4368 /* Pods-NEUStockApp.debug.xcconfig */,
				580D822D44546A8EBB8254F9 /* Pods-NEUStockApp.release.xcconfig */,
			);
			name = Pods;
			path = Pods;
			sourceTree = "<group>";
		};
/* End PBXGroup section */

/* Begin PBXNativeTarget section */
		D482067829984AE7007C4F1A /* NEUStockApp */ = {
			isa = PBXNativeTarget;
			buildConfigurationList = D482068D29984AE8007C4F1A /* Build configuration list for PBXNativeTarget "NEUStockApp" */;
			buildPhases = (
				9B14289844A5015334ECD056 /* [CP] Check Pods Manifest.lock */,
				D482067529984AE7007C4F1A /* Sources */,
				D482067629984AE7007C4F1A /* Frameworks */,
				D482067729984AE7007C4F1A /* Resources */,
				C491B375B853FE9C1F7FA2F0 /* [CP] Embed Pods Frameworks */,
			);
			buildRules = (
			);
			dependencies = (
			);
			name = NEUStockApp;
			productName = NEUStockApp;
			productReference = D482067929984AE7007C4F1A /* NEUStockApp.app */;
			productType = "com.apple.product-type.application";
		};
/* End PBXNativeTarget section */

/* Begin PBXProject section */
		D482067129984AE7007C4F1A /* Project object */ = {
			isa = PBXProject;
			attributes = {
				BuildIndependentTargetsInParallel = 1;
				LastSwiftUpdateCheck = 1420;
				LastUpgradeCheck = 1420;
				TargetAttributes = {
					D482067829984AE7007C4F1A = {
						CreatedOnToolsVersion = 14.2;
					};
				};
			};
			buildConfigurationList = D482067429984AE7007C4F1A /* Build configuration list for PBXProject "NEUStockApp" */;
			compatibilityVersion = "Xcode 14.0";
			developmentRegion = en;
			hasScannedForEncodings = 0;
			knownRegions = (
				en,
				Base,
			);
			mainGroup = D482067029984AE7007C4F1A;
			productRefGroup = D482067A29984AE7007C4F1A /* Products */;
			projectDirPath = "";
			projectRoot = "";
			targets = (
				D482067829984AE7007C4F1A /* NEUStockApp */,
			);
		};
/* End PBXProject section */

/* Begin PBXResourcesBuildPhase section */
		D482067729984AE7007C4F1A /* Resources */ = {
			isa = PBXResourcesBuildPhase;
			buildActionMask = 2147483647;
			files = (
				D482068929984AE8007C4F1A /* LaunchScreen.storyboard in Resources */,
				D482068629984AE8007C4F1A /* Assets.xcassets in Resources */,
				D482068429984AE7007C4F1A /* Main.storyboard in Resources */,
			);
			runOnlyForDeploymentPostprocessing = 0;
		};
/* End PBXResourcesBuildPhase section */

/* Begin PBXShellScriptBuildPhase section */
		9B14289844A5015334ECD056 /* [CP] Check Pods Manifest.lock */ = {
			isa = PBXShellScriptBuildPhase;
			buildActionMask = 2147483647;
			files = (
			);
			inputFileListPaths = (
			);
			inputPaths = (
				"${PODS_PODFILE_DIR_PATH}/Podfile.lock",
				"${PODS_ROOT}/Manifest.lock",
			);
			name = "[CP] Check Pods Manifest.lock";
			outputFileListPaths = (
			);
			outputPaths = (
				"$(DERIVED_FILE_DIR)/Pods-NEUStockApp-checkManifestLockResult.txt",
			);
			runOnlyForDeploymentPostprocessing = 0;
			shellPath = /bin/sh;
			shellScript = "diff \"${PODS_PODFILE_DIR_PATH}/Podfile.lock\" \"${PODS_ROOT}/Manifest.lock\" > /dev/null\nif [ $? != 0 ] ; then\n    # print error to STDERR\n    echo \"error: The sandbox is not in sync with the Podfile.lock. Run 'pod install' or update your CocoaPods installation.\" >&2\n    exit 1\nfi\n# This output is used by Xcode 'outputs' to avoid re-running this script phase.\necho \"SUCCESS\" > \"${SCRIPT_OUTPUT_FILE_0}\"\n";
			showEnvVarsInLog = 0;
		};
		C491B375B853FE9C1F7FA2F0 /* [CP] Embed Pods Frameworks */ = {
			isa = PBXShellScriptBuildPhase;
			buildActionMask = 2147483647;
			files = (
			);
			inputFileListPaths = (
				"${PODS_ROOT}/Target Support Files/Pods-NEUStockApp/Pods-NEUStockApp-frameworks-${CONFIGURATION}-input-files.xcfilelist",
			);
			name = "[CP] Embed Pods Frameworks";
			outputFileListPaths = (
				"${PODS_ROOT}/Target Support Files/Pods-NEUStockApp/Pods-NEUStockApp-frameworks-${CONFIGURATION}-output-files.xcfilelist",
			);
			runOnlyForDeploymentPostprocessing = 0;
			shellPath = /bin/sh;
			shellScript = "\"${PODS_ROOT}/Target Support Files/Pods-NEUStockApp/Pods-NEUStockApp-frameworks.sh\"\n";
			showEnvVarsInLog = 0;
		};
/* End PBXShellScriptBuildPhase section */

/* Begin PBXSourcesBuildPhase section */
		D482067529984AE7007C4F1A /* Sources */ = {
			isa = PBXSourcesBuildPhase;
			buildActionMask = 2147483647;
			files = (
				D482068129984AE7007C4F1A /* ViewController.swift in Sources */,
				D482067D29984AE7007C4F1A /* AppDelegate.swift in Sources */,
				D482067F29984AE7007C4F1A /* SceneDelegate.swift in Sources */,
				D482069229984C8A007C4F1A /* Constants.swift in Sources */,
			);
			runOnlyForDeploymentPostprocessing = 0;
		};
/* End PBXSourcesBuildPhase section */

/* Begin PBXVariantGroup section */
		D482068229984AE7007C4F1A /* Main.storyboard */ = {
			isa = PBXVariantGroup;
			children = (
				D482068329984AE7007C4F1A /* Base */,
			);
			name = Main.storyboard;
			sourceTree = "<group>";
		};
		D482068729984AE8007C4F1A /* LaunchScreen.storyboard */ = {
			isa = PBXVariantGroup;
			children = (
				D482068829984AE8007C4F1A /* Base */,
			);
			name = LaunchScreen.storyboard;
			sourceTree = "<group>";
		};
/* End PBXVariantGroup section */

/* Begin XCBuildConfiguration section */
		D482068B29984AE8007C4F1A /* Debug */ = {
			isa = XCBuildConfiguration;
			buildSettings = {
				ALWAYS_SEARCH_USER_PATHS = NO;
				CLANG_ANALYZER_NONNULL = YES;
				CLANG_ANALYZER_NUMBER_OBJECT_CONVERSION = YES_AGGRESSIVE;
				CLANG_CXX_LANGUAGE_STANDARD = "gnu++20";
				CLANG_ENABLE_MODULES = YES;
				CLANG_ENABLE_OBJC_ARC = YES;
				CLANG_ENABLE_OBJC_WEAK = YES;
				CLANG_WARN_BLOCK_CAPTURE_AUTORELEASING = YES;
				CLANG_WARN_BOOL_CONVERSION = YES;
				CLANG_WARN_COMMA = YES;
				CLANG_WARN_CONSTANT_CONVERSION = YES;
				CLANG_WARN_DEPRECATED_OBJC_IMPLEMENTATIONS = YES;
				CLANG_WARN_DIRECT_OBJC_ISA_USAGE = YES_ERROR;
				CLANG_WARN_DOCUMENTATION_COMMENTS = YES;
				CLANG_WARN_EMPTY_BODY = YES;
				CLANG_WARN_ENUM_CONVERSION = YES;
				CLANG_WARN_INFINITE_RECURSION = YES;
				CLANG_WARN_INT_CONVERSION = YES;
				CLANG_WARN_NON_LITERAL_NULL_CONVERSION = YES;
				CLANG_WARN_OBJC_IMPLICIT_RETAIN_SELF = YES;
				CLANG_WARN_OBJC_LITERAL_CONVERSION = YES;
				CLANG_WARN_OBJC_ROOT_CLASS = YES_ERROR;
				CLANG_WARN_QUOTED_INCLUDE_IN_FRAMEWORK_HEADER = YES;
				CLANG_WARN_RANGE_LOOP_ANALYSIS = YES;
				CLANG_WARN_STRICT_PROTOTYPES = YES;
				CLANG_WARN_SUSPICIOUS_MOVE = YES;
				CLANG_WARN_UNGUARDED_AVAILABILITY = YES_AGGRESSIVE;
				CLANG_WARN_UNREACHABLE_CODE = YES;
				CLANG_WARN__DUPLICATE_METHOD_MATCH = YES;
				COPY_PHASE_STRIP = NO;
				DEBUG_INFORMATION_FORMAT = dwarf;
				ENABLE_STRICT_OBJC_MSGSEND = YES;
				ENABLE_TESTABILITY = YES;
				GCC_C_LANGUAGE_STANDARD = gnu11;
				GCC_DYNAMIC_NO_PIC = NO;
				GCC_NO_COMMON_BLOCKS = YES;
				GCC_OPTIMIZATION_LEVEL = 0;
				GCC_PREPROCESSOR_DEFINITIONS = (
					"DEBUG=1",
					"$(inherited)",
				);
				GCC_WARN_64_TO_32_BIT_CONVERSION = YES;
				GCC_WARN_ABOUT_RETURN_TYPE = YES_ERROR;
				GCC_WARN_UNDECLARED_SELECTOR = YES;
				GCC_WARN_UNINITIALIZED_AUTOS = YES_AGGRESSIVE;
				GCC_WARN_UNUSED_FUNCTION = YES;
				GCC_WARN_UNUSED_VARIABLE = YES;
				IPHONEOS_DEPLOYMENT_TARGET = 16.2;
				MTL_ENABLE_DEBUG_INFO = INCLUDE_SOURCE;
				MTL_FAST_MATH = YES;
				ONLY_ACTIVE_ARCH = YES;
				SDKROOT = iphoneos;
				SWIFT_ACTIVE_COMPILATION_CONDITIONS = DEBUG;
				SWIFT_OPTIMIZATION_LEVEL = "-Onone";
			};
			name = Debug;
		};
		D482068C29984AE8007C4F1A /* Release */ = {
			isa = XCBuildConfiguration;
			buildSettings = {
				ALWAYS_SEARCH_USER_PATHS = NO;
				CLANG_ANALYZER_NONNULL = YES;
				CLANG_ANALYZER_NUMBER_OBJECT_CONVERSION = YES_AGGRESSIVE;
				CLANG_CXX_LANGUAGE_STANDARD = "gnu++20";
				CLANG_ENABLE_MODULES = YES;
				CLANG_ENABLE_OBJC_ARC = YES;
				CLANG_ENABLE_OBJC_WEAK = YES;
				CLANG_WARN_BLOCK_CAPTURE_AUTORELEASING = YES;
				CLANG_WARN_BOOL_CONVERSION = YES;
				CLANG_WARN_COMMA = YES;
				CLANG_WARN_CONSTANT_CONVERSION = YES;
				CLANG_WARN_DEPRECATED_OBJC_IMPLEMENTATIONS = YES;
				CLANG_WARN_DIRECT_OBJC_ISA_USAGE = YES_ERROR;
				CLANG_WARN_DOCUMENTATION_COMMENTS = YES;
				CLANG_WARN_EMPTY_BODY = YES;
				CLANG_WARN_ENUM_CONVERSION = YES;
				CLANG_WARN_INFINITE_RECURSION = YES;
				CLANG_WARN_INT_CONVERSION = YES;
				CLANG_WARN_NON_LITERAL_NULL_CONVERSION = YES;
				CLANG_WARN_OBJC_IMPLICIT_RETAIN_SELF = YES;
				CLANG_WARN_OBJC_LITERAL_CONVERSION = YES;
				CLANG_WARN_OBJC_ROOT_CLASS = YES_ERROR;
				CLANG_WARN_QUOTED_INCLUDE_IN_FRAMEWORK_HEADER = YES;
				CLANG_WARN_RANGE_LOOP_ANALYSIS = YES;
				CLANG_WARN_STRICT_PROTOTYPES = YES;
				CLANG_WARN_SUSPICIOUS_MOVE = YES;
				CLANG_WARN_UNGUARDED_AVAILABILITY = YES_AGGRESSIVE;
				CLANG_WARN_UNREACHABLE_CODE = YES;
				CLANG_WARN__DUPLICATE_METHOD_MATCH = YES;
				COPY_PHASE_STRIP = NO;
				DEBUG_INFORMATION_FORMAT = "dwarf-with-dsym";
				ENABLE_NS_ASSERTIONS = NO;
				ENABLE_STRICT_OBJC_MSGSEND = YES;
				GCC_C_LANGUAGE_STANDARD = gnu11;
				GCC_NO_COMMON_BLOCKS = YES;
				GCC_WARN_64_TO_32_BIT_CONVERSION = YES;
				GCC_WARN_ABOUT_RETURN_TYPE = YES_ERROR;
				GCC_WARN_UNDECLARED_SELECTOR = YES;
				GCC_WARN_UNINITIALIZED_AUTOS = YES_AGGRESSIVE;
				GCC_WARN_UNUSED_FUNCTION = YES;
				GCC_WARN_UNUSED_VARIABLE = YES;
				IPHONEOS_DEPLOYMENT_TARGET = 16.2;
				MTL_ENABLE_DEBUG_INFO = NO;
				MTL_FAST_MATH = YES;
				SDKROOT = iphoneos;
				SWIFT_COMPILATION_MODE = wholemodule;
				SWIFT_OPTIMIZATION_LEVEL = "-O";
				VALIDATE_PRODUCT = YES;
			};
			name = Release;
		};
		D482068E29984AE8007C4F1A /* Debug */ = {
			isa = XCBuildConfiguration;
			baseConfigurationReference = D1ACB852A3767FFB891F4368 /* Pods-NEUStockApp.debug.xcconfig */;
			buildSettings = {
				ASSETCATALOG_COMPILER_APPICON_NAME = AppIcon;
				ASSETCATALOG_COMPILER_GLOBAL_ACCENT_COLOR_NAME = AccentColor;
				CODE_SIGN_STYLE = Automatic;
				CURRENT_PROJECT_VERSION = 1;
				GENERATE_INFOPLIST_FILE = YES;
				INFOPLIST_FILE = NEUStockApp/Info.plist;
				INFOPLIST_KEY_UIApplicationSupportsIndirectInputEvents = YES;
				INFOPLIST_KEY_UILaunchStoryboardName = LaunchScreen;
				INFOPLIST_KEY_UIMainStoryboardFile = Main;
				INFOPLIST_KEY_UISupportedInterfaceOrientations_iPad = "UIInterfaceOrientationPortrait UIInterfaceOrientationPortraitUpsideDown UIInterfaceOrientationLandscapeLeft UIInterfaceOrientationLandscapeRight";
				INFOPLIST_KEY_UISupportedInterfaceOrientations_iPhone = "UIInterfaceOrientationPortrait UIInterfaceOrientationLandscapeLeft UIInterfaceOrientationLandscapeRight";
				LD_RUNPATH_SEARCH_PATHS = (
					"$(inherited)",
					"@executable_path/Frameworks",
				);
				MARKETING_VERSION = 1.0;
				PRODUCT_BUNDLE_IDENTIFIER = "agrawal.chi-northeastern.edu.NEUStockApp";
				PRODUCT_NAME = "$(TARGET_NAME)";
				SWIFT_EMIT_LOC_STRINGS = YES;
				SWIFT_VERSION = 5.0;
				TARGETED_DEVICE_FAMILY = "1,2";
			};
			name = Debug;
		};
		D482068F29984AE8007C4F1A /* Release */ = {
			isa = XCBuildConfiguration;
			baseConfigurationReference = 580D822D44546A8EBB8254F9 /* Pods-NEUStockApp.release.xcconfig */;
			buildSettings = {
				ASSETCATALOG_COMPILER_APPICON_NAME = AppIcon;
				ASSETCATALOG_COMPILER_GLOBAL_ACCENT_COLOR_NAME = AccentColor;
				CODE_SIGN_STYLE = Automatic;
				CURRENT_PROJECT_VERSION = 1;
				GENERATE_INFOPLIST_FILE = YES;
				INFOPLIST_FILE = NEUStockApp/Info.plist;
				INFOPLIST_KEY_UIApplicationSupportsIndirectInputEvents = YES;
				INFOPLIST_KEY_UILaunchStoryboardName = LaunchScreen;
				INFOPLIST_KEY_UIMainStoryboardFile = Main;
				INFOPLIST_KEY_UISupportedInterfaceOrientations_iPad = "UIInterfaceOrientationPortrait UIInterfaceOrientationPortraitUpsideDown UIInterfaceOrientationLandscapeLeft UIInterfaceOrientationLandscapeRight";
				INFOPLIST_KEY_UISupportedInterfaceOrientations_iPhone = "UIInterfaceOrientationPortrait UIInterfaceOrientationLandscapeLeft UIInterfaceOrientationLandscapeRight";
				LD_RUNPATH_SEARCH_PATHS = (
					"$(inherited)",
					"@executable_path/Frameworks",
				);
				MARKETING_VERSION = 1.0;
				PRODUCT_BUNDLE_IDENTIFIER = "agrawal.chi-northeastern.edu.NEUStockApp";
				PRODUCT_NAME = "$(TARGET_NAME)";
				SWIFT_EMIT_LOC_STRINGS = YES;
				SWIFT_VERSION = 5.0;
				TARGETED_DEVICE_FAMILY = "1,2";
			};
			name = Release;
		};
/* End XCBuildConfiguration section */

/* Begin XCConfigurationList section */
		D482067429984AE7007C4F1A /* Build configuration list for PBXProject "NEUStockApp" */ = {
			isa = XCConfigurationList;
			buildConfigurations = (
				D482068B29984AE8007C4F1A /* Debug */,
				D482068C29984AE8007C4F1A /* Release */,
			);
			defaultConfigurationIsVisible = 0;
			defaultConfigurationName = Release;
		};
		D482068D29984AE8007C4F1A /* Build configuration list for PBXNativeTarget "NEUStockApp" */ = {
			isa = XCConfigurationList;
			buildConfigurations = (
				D482068E29984AE8007C4F1A /* Debug */,
				D482068F29984AE8007C4F1A /* Release */,
			);
			defaultConfigurationIsVisible = 0;
			defaultConfigurationName = Release;
		};
/* End XCConfigurationList section */
	};
	rootObject = D482067129984AE7007C4F1A /* Project object */;
}
