// !$*UTF8*$!
{
	archiveVersion = 1;
	classes = {
	};
	objectVersion = 56;
	objects = {

/* Begin PBXBuildFile section */
		D4DCEE2D29A5DF9A0041BE9D /* AppDelegate.swift in Sources */ = {isa = PBXBuildFile; fileRef = D4DCEE2C29A5DF9A0041BE9D /* AppDelegate.swift */; };
		D4DCEE2F29A5DF9A0041BE9D /* SceneDelegate.swift in Sources */ = {isa = PBXBuildFile; fileRef = D4DCEE2E29A5DF9A0041BE9D /* SceneDelegate.swift */; };
		D4DCEE3129A5DF9A0041BE9D /* ViewController.swift in Sources */ = {isa = PBXBuildFile; fileRef = D4DCEE3029A5DF9A0041BE9D /* ViewController.swift */; };
		D4DCEE3429A5DF9A0041BE9D /* Main.storyboard in Resources */ = {isa = PBXBuildFile; fileRef = D4DCEE3229A5DF9A0041BE9D /* Main.storyboard */; };
		D4DCEE3629A5DF9C0041BE9D /* Assets.xcassets in Resources */ = {isa = PBXBuildFile; fileRef = D4DCEE3529A5DF9C0041BE9D /* Assets.xcassets */; };
		D4DCEE3929A5DF9C0041BE9D /* LaunchScreen.storyboard in Resources */ = {isa = PBXBuildFile; fileRef = D4DCEE3729A5DF9C0041BE9D /* LaunchScreen.storyboard */; };
		D4DCEE4229A5E0030041BE9D /* TableViewCell.swift in Sources */ = {isa = PBXBuildFile; fileRef = D4DCEE4029A5E0030041BE9D /* TableViewCell.swift */; };
		D4DCEE4329A5E0030041BE9D /* TableViewCell.xib in Resources */ = {isa = PBXBuildFile; fileRef = D4DCEE4129A5E0030041BE9D /* TableViewCell.xib */; };
/* End PBXBuildFile section */

/* Begin PBXFileReference section */
		D4DCEE2929A5DF9A0041BE9D /* XIBTableView-Assignment3.app */ = {isa = PBXFileReference; explicitFileType = wrapper.application; includeInIndex = 0; path = "XIBTableView-Assignment3.app"; sourceTree = BUILT_PRODUCTS_DIR; };
		D4DCEE2C29A5DF9A0041BE9D /* AppDelegate.swift */ = {isa = PBXFileReference; lastKnownFileType = sourcecode.swift; path = AppDelegate.swift; sourceTree = "<group>"; };
		D4DCEE2E29A5DF9A0041BE9D /* SceneDelegate.swift */ = {isa = PBXFileReference; lastKnownFileType = sourcecode.swift; path = SceneDelegate.swift; sourceTree = "<group>"; };
		D4DCEE3029A5DF9A0041BE9D /* ViewController.swift */ = {isa = PBXFileReference; lastKnownFileType = sourcecode.swift; path = ViewController.swift; sourceTree = "<group>"; };
		D4DCEE3329A5DF9A0041BE9D /* Base */ = {isa = PBXFileReference; lastKnownFileType = file.storyboard; name = Base; path = Base.lproj/Main.storyboard; sourceTree = "<group>"; };
		D4DCEE3529A5DF9C0041BE9D /* Assets.xcassets */ = {isa = PBXFileReference; lastKnownFileType = folder.assetcatalog; path = Assets.xcassets; sourceTree = "<group>"; };
		D4DCEE3829A5DF9C0041BE9D /* Base */ = {isa = PBXFileReference; lastKnownFileType = file.storyboard; name = Base; path = Base.lproj/LaunchScreen.storyboard; sourceTree = "<group>"; };
		D4DCEE3A29A5DF9C0041BE9D /* Info.plist */ = {isa = PBXFileReference; lastKnownFileType = text.plist.xml; path = Info.plist; sourceTree = "<group>"; };
		D4DCEE4029A5E0030041BE9D /* TableViewCell.swift */ = {isa = PBXFileReference; lastKnownFileType = sourcecode.swift; path = TableViewCell.swift; sourceTree = "<group>"; };
		D4DCEE4129A5E0030041BE9D /* TableViewCell.xib */ = {isa = PBXFileReference; lastKnownFileType = file.xib; path = TableViewCell.xib; sourceTree = "<group>"; };
/* End PBXFileReference section */

/* Begin PBXFrameworksBuildPhase section */
		D4DCEE2629A5DF9A0041BE9D /* Frameworks */ = {
			isa = PBXFrameworksBuildPhase;
			buildActionMask = 2147483647;
			files = (
			);
			runOnlyForDeploymentPostprocessing = 0;
		};
/* End PBXFrameworksBuildPhase section */

/* Begin PBXGroup section */
		D4DCEE2029A5DF9A0041BE9D = {
			isa = PBXGroup;
			children = (
				D4DCEE2B29A5DF9A0041BE9D /* XIBTableView-Assignment3 */,
				D4DCEE2A29A5DF9A0041BE9D /* Products */,
			);
			sourceTree = "<group>";
		};
		D4DCEE2A29A5DF9A0041BE9D /* Products */ = {
			isa = PBXGroup;
			children = (
				D4DCEE2929A5DF9A0041BE9D /* XIBTableView-Assignment3.app */,
			);
			name = Products;
			sourceTree = "<group>";
		};
		D4DCEE2B29A5DF9A0041BE9D /* XIBTableView-Assignment3 */ = {
			isa = PBXGroup;
			children = (
				D4DCEE2C29A5DF9A0041BE9D /* AppDelegate.swift */,
				D4DCEE2E29A5DF9A0041BE9D /* SceneDelegate.swift */,
				D4DCEE3029A5DF9A0041BE9D /* ViewController.swift */,
				D4DCEE3229A5DF9A0041BE9D /* Main.storyboard */,
				D4DCEE3529A5DF9C0041BE9D /* Assets.xcassets */,
				D4DCEE3729A5DF9C0041BE9D /* LaunchScreen.storyboard */,
				D4DCEE3A29A5DF9C0041BE9D /* Info.plist */,
				D4DCEE4029A5E0030041BE9D /* TableViewCell.swift */,
				D4DCEE4129A5E0030041BE9D /* TableViewCell.xib */,
			);
			path = "XIBTableView-Assignment3";
			sourceTree = "<group>";
		};
/* End PBXGroup section */

/* Begin PBXNativeTarget section */
		D4DCEE2829A5DF9A0041BE9D /* XIBTableView-Assignment3 */ = {
			isa = PBXNativeTarget;
			buildConfigurationList = D4DCEE3D29A5DF9C0041BE9D /* Build configuration list for PBXNativeTarget "XIBTableView-Assignment3" */;
			buildPhases = (
				D4DCEE2529A5DF9A0041BE9D /* Sources */,
				D4DCEE2629A5DF9A0041BE9D /* Frameworks */,
				D4DCEE2729A5DF9A0041BE9D /* Resources */,
			);
			buildRules = (
			);
			dependencies = (
			);
			name = "XIBTableView-Assignment3";
			productName = "XIBTableView-Assignment3";
			productReference = D4DCEE2929A5DF9A0041BE9D /* XIBTableView-Assignment3.app */;
			productType = "com.apple.product-type.application";
		};
/* End PBXNativeTarget section */

/* Begin PBXProject section */
		D4DCEE2129A5DF9A0041BE9D /* Project object */ = {
			isa = PBXProject;
			attributes = {
				BuildIndependentTargetsInParallel = 1;
				LastSwiftUpdateCheck = 1420;
				LastUpgradeCheck = 1420;
				TargetAttributes = {
					D4DCEE2829A5DF9A0041BE9D = {
						CreatedOnToolsVersion = 14.2;
					};
				};
			};
			buildConfigurationList = D4DCEE2429A5DF9A0041BE9D /* Build configuration list for PBXProject "XIBTableView-Assignment3" */;
			compatibilityVersion = "Xcode 14.0";
			developmentRegion = en;
			hasScannedForEncodings = 0;
			knownRegions = (
				en,
				Base,
			);
			mainGroup = D4DCEE2029A5DF9A0041BE9D;
			productRefGroup = D4DCEE2A29A5DF9A0041BE9D /* Products */;
			projectDirPath = "";
			projectRoot = "";
			targets = (
				D4DCEE2829A5DF9A0041BE9D /* XIBTableView-Assignment3 */,
			);
		};
/* End PBXProject section */

/* Begin PBXResourcesBuildPhase section */
		D4DCEE2729A5DF9A0041BE9D /* Resources */ = {
			isa = PBXResourcesBuildPhase;
			buildActionMask = 2147483647;
			files = (
				D4DCEE3929A5DF9C0041BE9D /* LaunchScreen.storyboard in Resources */,
				D4DCEE4329A5E0030041BE9D /* TableViewCell.xib in Resources */,
				D4DCEE3629A5DF9C0041BE9D /* Assets.xcassets in Resources */,
				D4DCEE3429A5DF9A0041BE9D /* Main.storyboard in Resources */,
			);
			runOnlyForDeploymentPostprocessing = 0;
		};
/* End PBXResourcesBuildPhase section */

/* Begin PBXSourcesBuildPhase section */
		D4DCEE2529A5DF9A0041BE9D /* Sources */ = {
			isa = PBXSourcesBuildPhase;
			buildActionMask = 2147483647;
			files = (
				D4DCEE3129A5DF9A0041BE9D /* ViewController.swift in Sources */,
				D4DCEE4229A5E0030041BE9D /* TableViewCell.swift in Sources */,
				D4DCEE2D29A5DF9A0041BE9D /* AppDelegate.swift in Sources */,
				D4DCEE2F29A5DF9A0041BE9D /* SceneDelegate.swift in Sources */,
			);
			runOnlyForDeploymentPostprocessing = 0;
		};
/* End PBXSourcesBuildPhase section */

/* Begin PBXVariantGroup section */
		D4DCEE3229A5DF9A0041BE9D /* Main.storyboard */ = {
			isa = PBXVariantGroup;
			children = (
				D4DCEE3329A5DF9A0041BE9D /* Base */,
			);
			name = Main.storyboard;
			sourceTree = "<group>";
		};
		D4DCEE3729A5DF9C0041BE9D /* LaunchScreen.storyboard */ = {
			isa = PBXVariantGroup;
			children = (
				D4DCEE3829A5DF9C0041BE9D /* Base */,
			);
			name = LaunchScreen.storyboard;
			sourceTree = "<group>";
		};
/* End PBXVariantGroup section */

/* Begin XCBuildConfiguration section */
		D4DCEE3B29A5DF9C0041BE9D /* Debug */ = {
			isa = XCBuildConfiguration;
			buildSettings = {
				ALWAYS_SEARCH_USER_PATHS = NO;
				CLANG_ANALYZER_NONNULL = YES;
				CLANG_ANALYZER_NUMBER_OBJECT_CONVERSION = YES_AGGRESSIVE;
				CLANG_CXX_LANGUAGE_STANDARD = "gnu++20";
				CLANG_ENABLE_MODULES = YES;
				CLANG_ENABLE_OBJC_ARC = YES;
				CLANG_ENABLE_OBJC_WEAK = YES;
				CLANG_WARN_BLOCK_CAPTURE_AUTORELEASING = YES;
				CLANG_WARN_BOOL_CONVERSION = YES;
				CLANG_WARN_COMMA = YES;
				CLANG_WARN_CONSTANT_CONVERSION = YES;
				CLANG_WARN_DEPRECATED_OBJC_IMPLEMENTATIONS = YES;
				CLANG_WARN_DIRECT_OBJC_ISA_USAGE = YES_ERROR;
				CLANG_WARN_DOCUMENTATION_COMMENTS = YES;
				CLANG_WARN_EMPTY_BODY = YES;
				CLANG_WARN_ENUM_CONVERSION = YES;
				CLANG_WARN_INFINITE_RECURSION = YES;
				CLANG_WARN_INT_CONVERSION = YES;
				CLANG_WARN_NON_LITERAL_NULL_CONVERSION = YES;
				CLANG_WARN_OBJC_IMPLICIT_RETAIN_SELF = YES;
				CLANG_WARN_OBJC_LITERAL_CONVERSION = YES;
				CLANG_WARN_OBJC_ROOT_CLASS = YES_ERROR;
				CLANG_WARN_QUOTED_INCLUDE_IN_FRAMEWORK_HEADER = YES;
				CLANG_WARN_RANGE_LOOP_ANALYSIS = YES;
				CLANG_WARN_STRICT_PROTOTYPES = YES;
				CLANG_WARN_SUSPICIOUS_MOVE = YES;
				CLANG_WARN_UNGUARDED_AVAILABILITY = YES_AGGRESSIVE;
				CLANG_WARN_UNREACHABLE_CODE = YES;
				CLANG_WARN__DUPLICATE_METHOD_MATCH = YES;
				COPY_PHASE_STRIP = NO;
				DEBUG_INFORMATION_FORMAT = dwarf;
				ENABLE_STRICT_OBJC_MSGSEND = YES;
				ENABLE_TESTABILITY = YES;
				GCC_C_LANGUAGE_STANDARD = gnu11;
				GCC_DYNAMIC_NO_PIC = NO;
				GCC_NO_COMMON_BLOCKS = YES;
				GCC_OPTIMIZATION_LEVEL = 0;
				GCC_PREPROCESSOR_DEFINITIONS = (
					"DEBUG=1",
					"$(inherited)",
				);
				GCC_WARN_64_TO_32_BIT_CONVERSION = YES;
				GCC_WARN_ABOUT_RETURN_TYPE = YES_ERROR;
				GCC_WARN_UNDECLARED_SELECTOR = YES;
				GCC_WARN_UNINITIALIZED_AUTOS = YES_AGGRESSIVE;
				GCC_WARN_UNUSED_FUNCTION = YES;
				GCC_WARN_UNUSED_VARIABLE = YES;
				IPHONEOS_DEPLOYMENT_TARGET = 16.2;
				MTL_ENABLE_DEBUG_INFO = INCLUDE_SOURCE;
				MTL_FAST_MATH = YES;
				ONLY_ACTIVE_ARCH = YES;
				SDKROOT = iphoneos;
				SWIFT_ACTIVE_COMPILATION_CONDITIONS = DEBUG;
				SWIFT_OPTIMIZATION_LEVEL = "-Onone";
			};
			name = Debug;
		};
		D4DCEE3C29A5DF9C0041BE9D /* Release */ = {
			isa = XCBuildConfiguration;
			buildSettings = {
				ALWAYS_SEARCH_USER_PATHS = NO;
				CLANG_ANALYZER_NONNULL = YES;
				CLANG_ANALYZER_NUMBER_OBJECT_CONVERSION = YES_AGGRESSIVE;
				CLANG_CXX_LANGUAGE_STANDARD = "gnu++20";
				CLANG_ENABLE_MODULES = YES;
				CLANG_ENABLE_OBJC_ARC = YES;
				CLANG_ENABLE_OBJC_WEAK = YES;
				CLANG_WARN_BLOCK_CAPTURE_AUTORELEASING = YES;
				CLANG_WARN_BOOL_CONVERSION = YES;
				CLANG_WARN_COMMA = YES;
				CLANG_WARN_CONSTANT_CONVERSION = YES;
				CLANG_WARN_DEPRECATED_OBJC_IMPLEMENTATIONS = YES;
				CLANG_WARN_DIRECT_OBJC_ISA_USAGE = YES_ERROR;
				CLANG_WARN_DOCUMENTATION_COMMENTS = YES;
				CLANG_WARN_EMPTY_BODY = YES;
				CLANG_WARN_ENUM_CONVERSION = YES;
				CLANG_WARN_INFINITE_RECURSION = YES;
				CLANG_WARN_INT_CONVERSION = YES;
				CLANG_WARN_NON_LITERAL_NULL_CONVERSION = YES;
				CLANG_WARN_OBJC_IMPLICIT_RETAIN_SELF = YES;
				CLANG_WARN_OBJC_LITERAL_CONVERSION = YES;
				CLANG_WARN_OBJC_ROOT_CLASS = YES_ERROR;
				CLANG_WARN_QUOTED_INCLUDE_IN_FRAMEWORK_HEADER = YES;
				CLANG_WARN_RANGE_LOOP_ANALYSIS = YES;
				CLANG_WARN_STRICT_PROTOTYPES = YES;
				CLANG_WARN_SUSPICIOUS_MOVE = YES;
				CLANG_WARN_UNGUARDED_AVAILABILITY = YES_AGGRESSIVE;
				CLANG_WARN_UNREACHABLE_CODE = YES;
				CLANG_WARN__DUPLICATE_METHOD_MATCH = YES;
				COPY_PHASE_STRIP = NO;
				DEBUG_INFORMATION_FORMAT = "dwarf-with-dsym";
				ENABLE_NS_ASSERTIONS = NO;
				ENABLE_STRICT_OBJC_MSGSEND = YES;
				GCC_C_LANGUAGE_STANDARD = gnu11;
				GCC_NO_COMMON_BLOCKS = YES;
				GCC_WARN_64_TO_32_BIT_CONVERSION = YES;
				GCC_WARN_ABOUT_RETURN_TYPE = YES_ERROR;
				GCC_WARN_UNDECLARED_SELECTOR = YES;
				GCC_WARN_UNINITIALIZED_AUTOS = YES_AGGRESSIVE;
				GCC_WARN_UNUSED_FUNCTION = YES;
				GCC_WARN_UNUSED_VARIABLE = YES;
				IPHONEOS_DEPLOYMENT_TARGET = 16.2;
				MTL_ENABLE_DEBUG_INFO = NO;
				MTL_FAST_MATH = YES;
				SDKROOT = iphoneos;
				SWIFT_COMPILATION_MODE = wholemodule;
				SWIFT_OPTIMIZATION_LEVEL = "-O";
				VALIDATE_PRODUCT = YES;
			};
			name = Release;
		};
		D4DCEE3E29A5DF9C0041BE9D /* Debug */ = {
			isa = XCBuildConfiguration;
			buildSettings = {
				ASSETCATALOG_COMPILER_APPICON_NAME = AppIcon;
				ASSETCATALOG_COMPILER_GLOBAL_ACCENT_COLOR_NAME = AccentColor;
				CODE_SIGN_STYLE = Automatic;
				CURRENT_PROJECT_VERSION = 1;
				GENERATE_INFOPLIST_FILE = YES;
				INFOPLIST_FILE = "XIBTableView-Assignment3/Info.plist";
				INFOPLIST_KEY_UIApplicationSupportsIndirectInputEvents = YES;
				INFOPLIST_KEY_UILaunchStoryboardName = LaunchScreen;
				INFOPLIST_KEY_UIMainStoryboardFile = Main;
				INFOPLIST_KEY_UISupportedInterfaceOrientations_iPad = "UIInterfaceOrientationPortrait UIInterfaceOrientationPortraitUpsideDown UIInterfaceOrientationLandscapeLeft UIInterfaceOrientationLandscapeRight";
				INFOPLIST_KEY_UISupportedInterfaceOrientations_iPhone = "UIInterfaceOrientationPortrait UIInterfaceOrientationLandscapeLeft UIInterfaceOrientationLandscapeRight";
				LD_RUNPATH_SEARCH_PATHS = (
					"$(inherited)",
					"@executable_path/Frameworks",
				);
				MARKETING_VERSION = 1.0;
				PRODUCT_BUNDLE_IDENTIFIER = "agrawal.chi-northeastern.edu.XIBTableView-Assignment3";
				PRODUCT_NAME = "$(TARGET_NAME)";
				SWIFT_EMIT_LOC_STRINGS = YES;
				SWIFT_VERSION = 5.0;
				TARGETED_DEVICE_FAMILY = "1,2";
			};
			name = Debug;
		};
		D4DCEE3F29A5DF9C0041BE9D /* Release */ = {
			isa = XCBuildConfiguration;
			buildSettings = {
				ASSETCATALOG_COMPILER_APPICON_NAME = AppIcon;
				ASSETCATALOG_COMPILER_GLOBAL_ACCENT_COLOR_NAME = AccentColor;
				CODE_SIGN_STYLE = Automatic;
				CURRENT_PROJECT_VERSION = 1;
				GENERATE_INFOPLIST_FILE = YES;
				INFOPLIST_FILE = "XIBTableView-Assignment3/Info.plist";
				INFOPLIST_KEY_UIApplicationSupportsIndirectInputEvents = YES;
				INFOPLIST_KEY_UILaunchStoryboardName = LaunchScreen;
				INFOPLIST_KEY_UIMainStoryboardFile = Main;
				INFOPLIST_KEY_UISupportedInterfaceOrientations_iPad = "UIInterfaceOrientationPortrait UIInterfaceOrientationPortraitUpsideDown UIInterfaceOrientationLandscapeLeft UIInterfaceOrientationLandscapeRight";
				INFOPLIST_KEY_UISupportedInterfaceOrientations_iPhone = "UIInterfaceOrientationPortrait UIInterfaceOrientationLandscapeLeft UIInterfaceOrientationLandscapeRight";
				LD_RUNPATH_SEARCH_PATHS = (
					"$(inherited)",
					"@executable_path/Frameworks",
				);
				MARKETING_VERSION = 1.0;
				PRODUCT_BUNDLE_IDENTIFIER = "agrawal.chi-northeastern.edu.XIBTableView-Assignment3";
				PRODUCT_NAME = "$(TARGET_NAME)";
				SWIFT_EMIT_LOC_STRINGS = YES;
				SWIFT_VERSION = 5.0;
				TARGETED_DEVICE_FAMILY = "1,2";
			};
			name = Release;
		};
/* End XCBuildConfiguration section */

/* Begin XCConfigurationList section */
		D4DCEE2429A5DF9A0041BE9D /* Build configuration list for PBXProject "XIBTableView-Assignment3" */ = {
			isa = XCConfigurationList;
			buildConfigurations = (
				D4DCEE3B29A5DF9C0041BE9D /* Debug */,
				D4DCEE3C29A5DF9C0041BE9D /* Release */,
			);
			defaultConfigurationIsVisible = 0;
			defaultConfigurationName = Release;
		};
		D4DCEE3D29A5DF9C0041BE9D /* Build configuration list for PBXNativeTarget "XIBTableView-Assignment3" */ = {
			isa = XCConfigurationList;
			buildConfigurations = (
				D4DCEE3E29A5DF9C0041BE9D /* Debug */,
				D4DCEE3F29A5DF9C0041BE9D /* Release */,
			);
			defaultConfigurationIsVisible = 0;
			defaultConfigurationName = Release;
		};
/* End XCConfigurationList section */
	};
	rootObject = D4DCEE2129A5DF9A0041BE9D /* Project object */;
}
